PODS:
  - Alamofire (5.7.1)
  - Bootpay (4.4.2):
    - CryptoSwift
    - NVActivityIndicatorView
    - ObjectMapper
  - CryptoSwift (1.7.1)
  - NVActivityIndicatorView (5.1.1):
    - NVActivityIndicatorView/Base (= 5.1.1)
  - NVActivityIndicatorView/Base (5.1.1)
  - ObjectMapper (4.2.0)

DEPENDENCIES:
  - Alamofire
  - Bootpay (from `../`)

SPEC REPOS:
  trunk:
    - Alamofire
    - CryptoSwift
    - NVActivityIndicatorView
    - ObjectMapper

EXTERNAL SOURCES:
  Bootpay:
    :path: "../"

SPEC CHECKSUMS:
  Alamofire: 0123a34370cb170936ae79a8df46cc62b2edeb88
  Bootpay: 0b62d3f0e5f72c64291110e8d03654e467c52772
  CryptoSwift: d3d18dc357932f7e6d580689e065cf1f176007c1
  NVActivityIndicatorView: 1f6c5687f1171810aa27a3296814dc2d7dec3667
  ObjectMapper: 1eb41f610210777375fa806bf161dc39fb832b81

PODFILE CHECKSUM: d50662830ebb407a217960986368ebb7323753b6

COCOAPODS: 1.12.1
