PODS:
  - Alamofire (5.7.1)
  - Bootpay (4.5.0)

DEPENDENCIES:
  - Alamofire
  - Bootpay (from `../`)

SPEC REPOS:
  trunk:
    - Alamofire

EXTERNAL SOURCES:
  Bootpay:
    :path: "../"

SPEC CHECKSUMS:
  Alamofire: 0123a34370cb170936ae79a8df46cc62b2edeb88
  Bootpay: f3067b69bb4202da0e5d8bf08953a42bfb9d693e

PODFILE CHECKSUM: 74ee6089490c9c940b7b32b65fc0b286bd2e2e59

COCOAPODS: 1.16.2
